PODS:
  - boost (1.76.0)
  - DoubleConversion (1.1.6)
  - EXApplication (5.3.1):
    - ExpoModulesCore
  - EXAV (13.4.1):
    - ExpoModulesCore
    - ReactCommon/turbomodule/core
  - EXConstants (14.4.2):
    - ExpoModulesCore
  - EXFileSystem (15.4.5):
    - ExpoModulesCore
  - EXFont (11.4.0):
    - ExpoModulesCore
  - EXJSONUtils (0.7.1)
  - EXManifests (0.7.2):
    - ExpoModulesCore
  - Expo (49.0.23):
    - ExpoModulesCore
  - expo-dev-client (2.4.13):
    - EXManifests
    - expo-dev-launcher
    - expo-dev-menu
    - expo-dev-menu-interface
    - EXUpdatesInterface
  - expo-dev-launcher (2.4.15):
    - EXManifests
    - expo-dev-launcher/Main (= 2.4.15)
    - expo-dev-menu
    - expo-dev-menu-interface
    - ExpoModulesCore
    - EXUpdatesInterface
    - RCT-Folly (= 2021.07.22.00)
    - React-Core
    - React-RCTAppDelegate
  - expo-dev-launcher/Main (2.4.15):
    - EXManifests
    - expo-dev-launcher/Unsafe
    - expo-dev-menu
    - expo-dev-menu-interface
    - ExpoModulesCore
    - EXUpdatesInterface
    - RCT-Folly (= 2021.07.22.00)
    - React-Core
    - React-RCTAppDelegate
  - expo-dev-launcher/Unsafe (2.4.15):
    - EXManifests
    - expo-dev-menu
    - expo-dev-menu-interface
    - ExpoModulesCore
    - EXUpdatesInterface
    - RCT-Folly (= 2021.07.22.00)
    - React-Core
    - React-RCTAppDelegate
  - expo-dev-menu (3.2.4):
    - expo-dev-menu/Main (= 3.2.4)
    - RCT-Folly (= 2021.07.22.00)
    - React-Core
  - expo-dev-menu-interface (1.3.0)
  - expo-dev-menu/Main (3.2.4):
    - EXManifests
    - expo-dev-menu-interface
    - expo-dev-menu/Vendored
    - ExpoModulesCore
    - RCT-Folly (= 2021.07.22.00)
    - React-Core
  - expo-dev-menu/SafeAreaView (3.2.4):
    - ExpoModulesCore
    - RCT-Folly (= 2021.07.22.00)
    - React-Core
  - expo-dev-menu/Vendored (3.2.4):
    - expo-dev-menu/SafeAreaView
    - RCT-Folly (= 2021.07.22.00)
    - React-Core
  - ExpoBlur (12.4.1):
    - ExpoModulesCore
  - ExpoDocumentPicker (11.5.4):
    - ExpoModulesCore
  - ExpoHaptics (12.4.0):
    - ExpoModulesCore
  - ExpoKeepAwake (12.3.0):
    - ExpoModulesCore
  - ExpoModulesCore (1.5.13):
    - RCT-Folly (= 2021.07.22.00)
    - React-Core
    - React-NativeModulesApple
    - React-RCTAppDelegate
    - ReactCommon/turbomodule/core
  - ExpoSystemUI (2.4.0):
    - ExpoModulesCore
  - EXSplashScreen (0.20.5):
    - ExpoModulesCore
    - RCT-Folly (= 2021.07.22.00)
    - React-Core
  - EXUpdatesInterface (0.10.1)
  - FBLazyVector (0.72.15)
  - FBReactNativeSpec (0.72.15):
    - RCT-Folly (= 2021.07.22.00)
    - RCTRequired (= 0.72.15)
    - RCTTypeSafety (= 0.72.15)
    - React-Core (= 0.72.15)
    - React-jsi (= 0.72.15)
    - ReactCommon/turbomodule/core (= 0.72.15)
  - fmt (6.2.1)
  - glog (0.3.5)
  - hermes-engine (0.72.15):
    - hermes-engine/Pre-built (= 0.72.15)
  - hermes-engine/Pre-built (0.72.15)
  - libevent (2.1.12)
  - libwebp (1.3.2):
    - libwebp/demux (= 1.3.2)
    - libwebp/mux (= 1.3.2)
    - libwebp/sharpyuv (= 1.3.2)
    - libwebp/webp (= 1.3.2)
  - libwebp/demux (1.3.2):
    - libwebp/webp
  - libwebp/mux (1.3.2):
    - libwebp/demux
  - libwebp/sharpyuv (1.3.2)
  - libwebp/webp (1.3.2):
    - libwebp/sharpyuv
  - RCT-Folly (2021.07.22.00):
    - boost
    - DoubleConversion
    - fmt (~> 6.2.1)
    - glog
    - RCT-Folly/Default (= 2021.07.22.00)
  - RCT-Folly/Default (2021.07.22.00):
    - boost
    - DoubleConversion
    - fmt (~> 6.2.1)
    - glog
  - RCT-Folly/Futures (2021.07.22.00):
    - boost
    - DoubleConversion
    - fmt (~> 6.2.1)
    - glog
    - libevent
  - RCTRequired (0.72.15)
  - RCTTypeSafety (0.72.15):
    - FBLazyVector (= 0.72.15)
    - RCTRequired (= 0.72.15)
    - React-Core (= 0.72.15)
  - React (0.72.15):
    - React-Core (= 0.72.15)
    - React-Core/DevSupport (= 0.72.15)
    - React-Core/RCTWebSocket (= 0.72.15)
    - React-RCTActionSheet (= 0.72.15)
    - React-RCTAnimation (= 0.72.15)
    - React-RCTBlob (= 0.72.15)
    - React-RCTImage (= 0.72.15)
    - React-RCTLinking (= 0.72.15)
    - React-RCTNetwork (= 0.72.15)
    - React-RCTSettings (= 0.72.15)
    - React-RCTText (= 0.72.15)
    - React-RCTVibration (= 0.72.15)
  - React-callinvoker (0.72.15)
  - React-Codegen (0.72.15):
    - DoubleConversion
    - FBReactNativeSpec
    - glog
    - hermes-engine
    - RCT-Folly
    - RCTRequired
    - RCTTypeSafety
    - React-Core
    - React-jsi
    - React-jsiexecutor
    - React-NativeModulesApple
    - React-rncore
    - ReactCommon/turbomodule/bridging
    - ReactCommon/turbomodule/core
  - React-Core (0.72.15):
    - glog
    - hermes-engine
    - RCT-Folly (= 2021.07.22.00)
    - React-Core/Default (= 0.72.15)
    - React-cxxreact
    - React-hermes
    - React-jsi
    - React-jsiexecutor
    - React-perflogger
    - React-runtimeexecutor
    - React-utils
    - SocketRocket (= 0.6.1)
    - Yoga
  - React-Core/CoreModulesHeaders (0.72.15):
    - glog
    - hermes-engine
    - RCT-Folly (= 2021.07.22.00)
    - React-Core/Default
    - React-cxxreact
    - React-hermes
    - React-jsi
    - React-jsiexecutor
    - React-perflogger
    - React-runtimeexecutor
    - React-utils
    - SocketRocket (= 0.6.1)
    - Yoga
  - React-Core/Default (0.72.15):
    - glog
    - hermes-engine
    - RCT-Folly (= 2021.07.22.00)
    - React-cxxreact
    - React-hermes
    - React-jsi
    - React-jsiexecutor
    - React-perflogger
    - React-runtimeexecutor
    - React-utils
    - SocketRocket (= 0.6.1)
    - Yoga
  - React-Core/DevSupport (0.72.15):
    - glog
    - hermes-engine
    - RCT-Folly (= 2021.07.22.00)
    - React-Core/Default (= 0.72.15)
    - React-Core/RCTWebSocket (= 0.72.15)
    - React-cxxreact
    - React-hermes
    - React-jsi
    - React-jsiexecutor
    - React-jsinspector (= 0.72.15)
    - React-perflogger
    - React-runtimeexecutor
    - React-utils
    - SocketRocket (= 0.6.1)
    - Yoga
  - React-Core/RCTActionSheetHeaders (0.72.15):
    - glog
    - hermes-engine
    - RCT-Folly (= 2021.07.22.00)
    - React-Core/Default
    - React-cxxreact
    - React-hermes
    - React-jsi
    - React-jsiexecutor
    - React-perflogger
    - React-runtimeexecutor
    - React-utils
    - SocketRocket (= 0.6.1)
    - Yoga
  - React-Core/RCTAnimationHeaders (0.72.15):
    - glog
    - hermes-engine
    - RCT-Folly (= 2021.07.22.00)
    - React-Core/Default
    - React-cxxreact
    - React-hermes
    - React-jsi
    - React-jsiexecutor
    - React-perflogger
    - React-runtimeexecutor
    - React-utils
    - SocketRocket (= 0.6.1)
    - Yoga
  - React-Core/RCTBlobHeaders (0.72.15):
    - glog
    - hermes-engine
    - RCT-Folly (= 2021.07.22.00)
    - React-Core/Default
    - React-cxxreact
    - React-hermes
    - React-jsi
    - React-jsiexecutor
    - React-perflogger
    - React-runtimeexecutor
    - React-utils
    - SocketRocket (= 0.6.1)
    - Yoga
  - React-Core/RCTImageHeaders (0.72.15):
    - glog
    - hermes-engine
    - RCT-Folly (= 2021.07.22.00)
    - React-Core/Default
    - React-cxxreact
    - React-hermes
    - React-jsi
    - React-jsiexecutor
    - React-perflogger
    - React-runtimeexecutor
    - React-utils
    - SocketRocket (= 0.6.1)
    - Yoga
  - React-Core/RCTLinkingHeaders (0.72.15):
    - glog
    - hermes-engine
    - RCT-Folly (= 2021.07.22.00)
    - React-Core/Default
    - React-cxxreact
    - React-hermes
    - React-jsi
    - React-jsiexecutor
    - React-perflogger
    - React-runtimeexecutor
    - React-utils
    - SocketRocket (= 0.6.1)
    - Yoga
  - React-Core/RCTNetworkHeaders (0.72.15):
    - glog
    - hermes-engine
    - RCT-Folly (= 2021.07.22.00)
    - React-Core/Default
    - React-cxxreact
    - React-hermes
    - React-jsi
    - React-jsiexecutor
    - React-perflogger
    - React-runtimeexecutor
    - React-utils
    - SocketRocket (= 0.6.1)
    - Yoga
  - React-Core/RCTSettingsHeaders (0.72.15):
    - glog
    - hermes-engine
    - RCT-Folly (= 2021.07.22.00)
    - React-Core/Default
    - React-cxxreact
    - React-hermes
    - React-jsi
    - React-jsiexecutor
    - React-perflogger
    - React-runtimeexecutor
    - React-utils
    - SocketRocket (= 0.6.1)
    - Yoga
  - React-Core/RCTTextHeaders (0.72.15):
    - glog
    - hermes-engine
    - RCT-Folly (= 2021.07.22.00)
    - React-Core/Default
    - React-cxxreact
    - React-hermes
    - React-jsi
    - React-jsiexecutor
    - React-perflogger
    - React-runtimeexecutor
    - React-utils
    - SocketRocket (= 0.6.1)
    - Yoga
  - React-Core/RCTVibrationHeaders (0.72.15):
    - glog
    - hermes-engine
    - RCT-Folly (= 2021.07.22.00)
    - React-Core/Default
    - React-cxxreact
    - React-hermes
    - React-jsi
    - React-jsiexecutor
    - React-perflogger
    - React-runtimeexecutor
    - React-utils
    - SocketRocket (= 0.6.1)
    - Yoga
  - React-Core/RCTWebSocket (0.72.15):
    - glog
    - hermes-engine
    - RCT-Folly (= 2021.07.22.00)
    - React-Core/Default (= 0.72.15)
    - React-cxxreact
    - React-hermes
    - React-jsi
    - React-jsiexecutor
    - React-perflogger
    - React-runtimeexecutor
    - React-utils
    - SocketRocket (= 0.6.1)
    - Yoga
  - React-CoreModules (0.72.15):
    - RCT-Folly (= 2021.07.22.00)
    - RCTTypeSafety (= 0.72.15)
    - React-Codegen (= 0.72.15)
    - React-Core/CoreModulesHeaders (= 0.72.15)
    - React-jsi (= 0.72.15)
    - React-RCTBlob
    - React-RCTImage (= 0.72.15)
    - ReactCommon/turbomodule/core (= 0.72.15)
    - SocketRocket (= 0.6.1)
  - React-cxxreact (0.72.15):
    - boost (= 1.76.0)
    - DoubleConversion
    - glog
    - hermes-engine
    - RCT-Folly (= 2021.07.22.00)
    - React-callinvoker (= 0.72.15)
    - React-debug (= 0.72.15)
    - React-jsi (= 0.72.15)
    - React-jsinspector (= 0.72.15)
    - React-logger (= 0.72.15)
    - React-perflogger (= 0.72.15)
    - React-runtimeexecutor (= 0.72.15)
  - React-debug (0.72.15)
  - React-hermes (0.72.15):
    - DoubleConversion
    - glog
    - hermes-engine
    - RCT-Folly (= 2021.07.22.00)
    - RCT-Folly/Futures (= 2021.07.22.00)
    - React-cxxreact (= 0.72.15)
    - React-jsi
    - React-jsiexecutor (= 0.72.15)
    - React-jsinspector (= 0.72.15)
    - React-perflogger (= 0.72.15)
  - React-jsi (0.72.15):
    - boost (= 1.76.0)
    - DoubleConversion
    - glog
    - hermes-engine
    - RCT-Folly (= 2021.07.22.00)
  - React-jsiexecutor (0.72.15):
    - DoubleConversion
    - glog
    - hermes-engine
    - RCT-Folly (= 2021.07.22.00)
    - React-cxxreact (= 0.72.15)
    - React-jsi (= 0.72.15)
    - React-perflogger (= 0.72.15)
  - React-jsinspector (0.72.15)
  - React-logger (0.72.15):
    - glog
  - react-native-document-picker (9.3.0):
    - React-Core
  - react-native-pager-view (6.3.1):
    - RCT-Folly (= 2021.07.22.00)
    - React-Core
  - react-native-safe-area-context (4.6.3):
    - RCT-Folly
    - RCTRequired
    - RCTTypeSafety
    - React-Core
    - ReactCommon/turbomodule/core
  - react-native-track-player (4.1.1):
    - React-Core
    - SwiftAudioEx (= 1.1.0)
  - React-NativeModulesApple (0.72.15):
    - hermes-engine
    - React-callinvoker
    - React-Core
    - React-cxxreact
    - React-jsi
    - React-runtimeexecutor
    - ReactCommon/turbomodule/bridging
    - ReactCommon/turbomodule/core
  - React-perflogger (0.72.15)
  - React-RCTActionSheet (0.72.15):
    - React-Core/RCTActionSheetHeaders (= 0.72.15)
  - React-RCTAnimation (0.72.15):
    - RCT-Folly (= 2021.07.22.00)
    - RCTTypeSafety (= 0.72.15)
    - React-Codegen (= 0.72.15)
    - React-Core/RCTAnimationHeaders (= 0.72.15)
    - React-jsi (= 0.72.15)
    - ReactCommon/turbomodule/core (= 0.72.15)
  - React-RCTAppDelegate (0.72.15):
    - RCT-Folly
    - RCTRequired
    - RCTTypeSafety
    - React-Core
    - React-CoreModules
    - React-hermes
    - React-NativeModulesApple
    - React-RCTImage
    - React-RCTNetwork
    - React-runtimescheduler
    - ReactCommon/turbomodule/core
  - React-RCTBlob (0.72.15):
    - hermes-engine
    - RCT-Folly (= 2021.07.22.00)
    - React-Codegen (= 0.72.15)
    - React-Core/RCTBlobHeaders (= 0.72.15)
    - React-Core/RCTWebSocket (= 0.72.15)
    - React-jsi (= 0.72.15)
    - React-RCTNetwork (= 0.72.15)
    - ReactCommon/turbomodule/core (= 0.72.15)
  - React-RCTImage (0.72.15):
    - RCT-Folly (= 2021.07.22.00)
    - RCTTypeSafety (= 0.72.15)
    - React-Codegen (= 0.72.15)
    - React-Core/RCTImageHeaders (= 0.72.15)
    - React-jsi (= 0.72.15)
    - React-RCTNetwork (= 0.72.15)
    - ReactCommon/turbomodule/core (= 0.72.15)
  - React-RCTLinking (0.72.15):
    - React-Codegen (= 0.72.15)
    - React-Core/RCTLinkingHeaders (= 0.72.15)
    - React-jsi (= 0.72.15)
    - ReactCommon/turbomodule/core (= 0.72.15)
  - React-RCTNetwork (0.72.15):
    - RCT-Folly (= 2021.07.22.00)
    - RCTTypeSafety (= 0.72.15)
    - React-Codegen (= 0.72.15)
    - React-Core/RCTNetworkHeaders (= 0.72.15)
    - React-jsi (= 0.72.15)
    - ReactCommon/turbomodule/core (= 0.72.15)
  - React-RCTSettings (0.72.15):
    - RCT-Folly (= 2021.07.22.00)
    - RCTTypeSafety (= 0.72.15)
    - React-Codegen (= 0.72.15)
    - React-Core/RCTSettingsHeaders (= 0.72.15)
    - React-jsi (= 0.72.15)
    - ReactCommon/turbomodule/core (= 0.72.15)
  - React-RCTText (0.72.15):
    - React-Core/RCTTextHeaders (= 0.72.15)
  - React-RCTVibration (0.72.15):
    - RCT-Folly (= 2021.07.22.00)
    - React-Codegen (= 0.72.15)
    - React-Core/RCTVibrationHeaders (= 0.72.15)
    - React-jsi (= 0.72.15)
    - ReactCommon/turbomodule/core (= 0.72.15)
  - React-rncore (0.72.15)
  - React-runtimeexecutor (0.72.15):
    - React-jsi (= 0.72.15)
  - React-runtimescheduler (0.72.15):
    - glog
    - hermes-engine
    - RCT-Folly (= 2021.07.22.00)
    - React-callinvoker
    - React-debug
    - React-jsi
    - React-runtimeexecutor
  - React-utils (0.72.15):
    - glog
    - RCT-Folly (= 2021.07.22.00)
    - React-debug
  - ReactCommon/turbomodule/bridging (0.72.15):
    - DoubleConversion
    - glog
    - hermes-engine
    - RCT-Folly (= 2021.07.22.00)
    - React-callinvoker (= 0.72.15)
    - React-cxxreact (= 0.72.15)
    - React-jsi (= 0.72.15)
    - React-logger (= 0.72.15)
    - React-perflogger (= 0.72.15)
  - ReactCommon/turbomodule/core (0.72.15):
    - DoubleConversion
    - glog
    - hermes-engine
    - RCT-Folly (= 2021.07.22.00)
    - React-callinvoker (= 0.72.15)
    - React-cxxreact (= 0.72.15)
    - React-jsi (= 0.72.15)
    - React-logger (= 0.72.15)
    - React-perflogger (= 0.72.15)
  - RNCAsyncStorage (1.23.1):
    - React-Core
  - RNFastImage (8.6.3):
    - React-Core
    - SDWebImage (~> 5.11.1)
    - SDWebImageWebPCoder (~> 0.8.4)
  - RNGestureHandler (2.16.2):
    - RCT-Folly (= 2021.07.22.00)
    - React-Core
  - RNReactNativeHapticFeedback (2.2.0):
    - React-Core
  - RNReanimated (3.3.0):
    - DoubleConversion
    - FBLazyVector
    - glog
    - hermes-engine
    - RCT-Folly
    - RCTRequired
    - RCTTypeSafety
    - React-callinvoker
    - React-Core
    - React-Core/DevSupport
    - React-Core/RCTWebSocket
    - React-CoreModules
    - React-cxxreact
    - React-hermes
    - React-jsi
    - React-jsiexecutor
    - React-jsinspector
    - React-RCTActionSheet
    - React-RCTAnimation
    - React-RCTAppDelegate
    - React-RCTBlob
    - React-RCTImage
    - React-RCTLinking
    - React-RCTNetwork
    - React-RCTSettings
    - React-RCTText
    - ReactCommon/turbomodule/core
    - Yoga
  - RNScreens (3.22.1):
    - React-Core
    - React-RCTImage
  - RNSVG (15.3.0):
    - React-Core
  - SDWebImage (5.11.1):
    - SDWebImage/Core (= 5.11.1)
  - SDWebImage/Core (5.11.1)
  - SDWebImageWebPCoder (0.8.5):
    - libwebp (~> 1.0)
    - SDWebImage/Core (~> 5.10)
  - SocketRocket (0.6.1)
  - SwiftAudioEx (1.1.0)
  - Yoga (1.14.0)

DEPENDENCIES:
  - boost (from `../node_modules/react-native/third-party-podspecs/boost.podspec`)
  - DoubleConversion (from `../node_modules/react-native/third-party-podspecs/DoubleConversion.podspec`)
  - EXApplication (from `../node_modules/expo-application/ios`)
  - EXAV (from `../node_modules/expo-av/ios`)
  - EXConstants (from `../node_modules/expo-constants/ios`)
  - EXFileSystem (from `../node_modules/expo-file-system/ios`)
  - EXFont (from `../node_modules/expo-font/ios`)
  - EXJSONUtils (from `../node_modules/expo-json-utils/ios`)
  - EXManifests (from `../node_modules/expo-manifests/ios`)
  - Expo (from `../node_modules/expo`)
  - expo-dev-client (from `../node_modules/expo-dev-client/ios`)
  - expo-dev-launcher (from `../node_modules/expo-dev-launcher`)
  - expo-dev-menu (from `../node_modules/expo-dev-menu`)
  - expo-dev-menu-interface (from `../node_modules/expo-dev-menu-interface/ios`)
  - ExpoBlur (from `../node_modules/expo-blur/ios`)
  - ExpoDocumentPicker (from `../node_modules/expo-document-picker/ios`)
  - ExpoHaptics (from `../node_modules/expo-haptics/ios`)
  - ExpoKeepAwake (from `../node_modules/expo-keep-awake/ios`)
  - ExpoModulesCore (from `../node_modules/expo-modules-core`)
  - ExpoSystemUI (from `../node_modules/expo-system-ui/ios`)
  - EXSplashScreen (from `../node_modules/expo-splash-screen/ios`)
  - EXUpdatesInterface (from `../node_modules/expo-updates-interface/ios`)
  - FBLazyVector (from `../node_modules/react-native/Libraries/FBLazyVector`)
  - FBReactNativeSpec (from `../node_modules/react-native/React/FBReactNativeSpec`)
  - glog (from `../node_modules/react-native/third-party-podspecs/glog.podspec`)
  - hermes-engine (from `../node_modules/react-native/sdks/hermes-engine/hermes-engine.podspec`)
  - libevent (~> 2.1.12)
  - RCT-Folly (from `../node_modules/react-native/third-party-podspecs/RCT-Folly.podspec`)
  - RCTRequired (from `../node_modules/react-native/Libraries/RCTRequired`)
  - RCTTypeSafety (from `../node_modules/react-native/Libraries/TypeSafety`)
  - React (from `../node_modules/react-native/`)
  - React-callinvoker (from `../node_modules/react-native/ReactCommon/callinvoker`)
  - React-Codegen (from `build/generated/ios`)
  - React-Core (from `../node_modules/react-native/`)
  - React-Core/RCTWebSocket (from `../node_modules/react-native/`)
  - React-CoreModules (from `../node_modules/react-native/React/CoreModules`)
  - React-cxxreact (from `../node_modules/react-native/ReactCommon/cxxreact`)
  - React-debug (from `../node_modules/react-native/ReactCommon/react/debug`)
  - React-hermes (from `../node_modules/react-native/ReactCommon/hermes`)
  - React-jsi (from `../node_modules/react-native/ReactCommon/jsi`)
  - React-jsiexecutor (from `../node_modules/react-native/ReactCommon/jsiexecutor`)
  - React-jsinspector (from `../node_modules/react-native/ReactCommon/jsinspector`)
  - React-logger (from `../node_modules/react-native/ReactCommon/logger`)
  - react-native-document-picker (from `../node_modules/react-native-document-picker`)
  - react-native-pager-view (from `../node_modules/react-native-pager-view`)
  - react-native-safe-area-context (from `../node_modules/react-native-safe-area-context`)
  - react-native-track-player (from `../node_modules/react-native-track-player`)
  - React-NativeModulesApple (from `../node_modules/react-native/ReactCommon/react/nativemodule/core/platform/ios`)
  - React-perflogger (from `../node_modules/react-native/ReactCommon/reactperflogger`)
  - React-RCTActionSheet (from `../node_modules/react-native/Libraries/ActionSheetIOS`)
  - React-RCTAnimation (from `../node_modules/react-native/Libraries/NativeAnimation`)
  - React-RCTAppDelegate (from `../node_modules/react-native/Libraries/AppDelegate`)
  - React-RCTBlob (from `../node_modules/react-native/Libraries/Blob`)
  - React-RCTImage (from `../node_modules/react-native/Libraries/Image`)
  - React-RCTLinking (from `../node_modules/react-native/Libraries/LinkingIOS`)
  - React-RCTNetwork (from `../node_modules/react-native/Libraries/Network`)
  - React-RCTSettings (from `../node_modules/react-native/Libraries/Settings`)
  - React-RCTText (from `../node_modules/react-native/Libraries/Text`)
  - React-RCTVibration (from `../node_modules/react-native/Libraries/Vibration`)
  - React-rncore (from `../node_modules/react-native/ReactCommon`)
  - React-runtimeexecutor (from `../node_modules/react-native/ReactCommon/runtimeexecutor`)
  - React-runtimescheduler (from `../node_modules/react-native/ReactCommon/react/renderer/runtimescheduler`)
  - React-utils (from `../node_modules/react-native/ReactCommon/react/utils`)
  - ReactCommon/turbomodule/core (from `../node_modules/react-native/ReactCommon`)
  - "RNCAsyncStorage (from `../node_modules/@react-native-async-storage/async-storage`)"
  - RNFastImage (from `../node_modules/react-native-fast-image`)
  - RNGestureHandler (from `../node_modules/react-native-gesture-handler`)
  - RNReactNativeHapticFeedback (from `../node_modules/react-native-haptic-feedback`)
  - RNReanimated (from `../node_modules/react-native-reanimated`)
  - RNScreens (from `../node_modules/react-native-screens`)
  - RNSVG (from `../node_modules/react-native-svg`)
  - Yoga (from `../node_modules/react-native/ReactCommon/yoga`)

SPEC REPOS:
  trunk:
    - fmt
    - libevent
    - libwebp
    - SDWebImage
    - SDWebImageWebPCoder
    - SocketRocket
    - SwiftAudioEx

EXTERNAL SOURCES:
  boost:
    :podspec: "../node_modules/react-native/third-party-podspecs/boost.podspec"
  DoubleConversion:
    :podspec: "../node_modules/react-native/third-party-podspecs/DoubleConversion.podspec"
  EXApplication:
    :path: "../node_modules/expo-application/ios"
  EXAV:
    :path: "../node_modules/expo-av/ios"
  EXConstants:
    :path: "../node_modules/expo-constants/ios"
  EXFileSystem:
    :path: "../node_modules/expo-file-system/ios"
  EXFont:
    :path: "../node_modules/expo-font/ios"
  EXJSONUtils:
    :path: "../node_modules/expo-json-utils/ios"
  EXManifests:
    :path: "../node_modules/expo-manifests/ios"
  Expo:
    :path: "../node_modules/expo"
  expo-dev-client:
    :path: "../node_modules/expo-dev-client/ios"
  expo-dev-launcher:
    :path: "../node_modules/expo-dev-launcher"
  expo-dev-menu:
    :path: "../node_modules/expo-dev-menu"
  expo-dev-menu-interface:
    :path: "../node_modules/expo-dev-menu-interface/ios"
  ExpoBlur:
    :path: "../node_modules/expo-blur/ios"
  ExpoDocumentPicker:
    :path: "../node_modules/expo-document-picker/ios"
  ExpoHaptics:
    :path: "../node_modules/expo-haptics/ios"
  ExpoKeepAwake:
    :path: "../node_modules/expo-keep-awake/ios"
  ExpoModulesCore:
    :path: "../node_modules/expo-modules-core"
  ExpoSystemUI:
    :path: "../node_modules/expo-system-ui/ios"
  EXSplashScreen:
    :path: "../node_modules/expo-splash-screen/ios"
  EXUpdatesInterface:
    :path: "../node_modules/expo-updates-interface/ios"
  FBLazyVector:
    :path: "../node_modules/react-native/Libraries/FBLazyVector"
  FBReactNativeSpec:
    :path: "../node_modules/react-native/React/FBReactNativeSpec"
  glog:
    :podspec: "../node_modules/react-native/third-party-podspecs/glog.podspec"
  hermes-engine:
    :podspec: "../node_modules/react-native/sdks/hermes-engine/hermes-engine.podspec"
  RCT-Folly:
    :podspec: "../node_modules/react-native/third-party-podspecs/RCT-Folly.podspec"
  RCTRequired:
    :path: "../node_modules/react-native/Libraries/RCTRequired"
  RCTTypeSafety:
    :path: "../node_modules/react-native/Libraries/TypeSafety"
  React:
    :path: "../node_modules/react-native/"
  React-callinvoker:
    :path: "../node_modules/react-native/ReactCommon/callinvoker"
  React-Codegen:
    :path: build/generated/ios
  React-Core:
    :path: "../node_modules/react-native/"
  React-CoreModules:
    :path: "../node_modules/react-native/React/CoreModules"
  React-cxxreact:
    :path: "../node_modules/react-native/ReactCommon/cxxreact"
  React-debug:
    :path: "../node_modules/react-native/ReactCommon/react/debug"
  React-hermes:
    :path: "../node_modules/react-native/ReactCommon/hermes"
  React-jsi:
    :path: "../node_modules/react-native/ReactCommon/jsi"
  React-jsiexecutor:
    :path: "../node_modules/react-native/ReactCommon/jsiexecutor"
  React-jsinspector:
    :path: "../node_modules/react-native/ReactCommon/jsinspector"
  React-logger:
    :path: "../node_modules/react-native/ReactCommon/logger"
  react-native-document-picker:
    :path: "../node_modules/react-native-document-picker"
  react-native-pager-view:
    :path: "../node_modules/react-native-pager-view"
  react-native-safe-area-context:
    :path: "../node_modules/react-native-safe-area-context"
  react-native-track-player:
    :path: "../node_modules/react-native-track-player"
  React-NativeModulesApple:
    :path: "../node_modules/react-native/ReactCommon/react/nativemodule/core/platform/ios"
  React-perflogger:
    :path: "../node_modules/react-native/ReactCommon/reactperflogger"
  React-RCTActionSheet:
    :path: "../node_modules/react-native/Libraries/ActionSheetIOS"
  React-RCTAnimation:
    :path: "../node_modules/react-native/Libraries/NativeAnimation"
  React-RCTAppDelegate:
    :path: "../node_modules/react-native/Libraries/AppDelegate"
  React-RCTBlob:
    :path: "../node_modules/react-native/Libraries/Blob"
  React-RCTImage:
    :path: "../node_modules/react-native/Libraries/Image"
  React-RCTLinking:
    :path: "../node_modules/react-native/Libraries/LinkingIOS"
  React-RCTNetwork:
    :path: "../node_modules/react-native/Libraries/Network"
  React-RCTSettings:
    :path: "../node_modules/react-native/Libraries/Settings"
  React-RCTText:
    :path: "../node_modules/react-native/Libraries/Text"
  React-RCTVibration:
    :path: "../node_modules/react-native/Libraries/Vibration"
  React-rncore:
    :path: "../node_modules/react-native/ReactCommon"
  React-runtimeexecutor:
    :path: "../node_modules/react-native/ReactCommon/runtimeexecutor"
  React-runtimescheduler:
    :path: "../node_modules/react-native/ReactCommon/react/renderer/runtimescheduler"
  React-utils:
    :path: "../node_modules/react-native/ReactCommon/react/utils"
  ReactCommon:
    :path: "../node_modules/react-native/ReactCommon"
  RNCAsyncStorage:
    :path: "../node_modules/@react-native-async-storage/async-storage"
  RNFastImage:
    :path: "../node_modules/react-native-fast-image"
  RNGestureHandler:
    :path: "../node_modules/react-native-gesture-handler"
  RNReactNativeHapticFeedback:
    :path: "../node_modules/react-native-haptic-feedback"
  RNReanimated:
    :path: "../node_modules/react-native-reanimated"
  RNScreens:
    :path: "../node_modules/react-native-screens"
  RNSVG:
    :path: "../node_modules/react-native-svg"
  Yoga:
    :path: "../node_modules/react-native/ReactCommon/yoga"

SPEC CHECKSUMS:
  boost: 57d2868c099736d80fcd648bf211b4431e51a558
  DoubleConversion: 5189b271737e1565bdce30deb4a08d647e3f5f54
  EXApplication: 042aa2e3f05258a16962ea1a9914bf288db9c9a1
  EXAV: f393dfc0b28214d62855a31e06eb21d426d6e2da
  EXConstants: ce5bbea779da8031ac818c36bea41b10e14d04e1
  EXFileSystem: f8b838a880254de42a5a7da20ed5ce12e2697c1b
  EXFont: 738c44c390953ebcbab075a4848bfbef025fd9ee
  EXJSONUtils: 6802be4282d42b97c51682468ddc1026a06f8276
  EXManifests: cf66451b11b2c2f6464917528d792759f7fd6ce0
  Expo: ba9abdf444dc6d2c05a82c4c1b51a2400beb6167
  expo-dev-client: f350e6ddced33d2c14008c6d70c7904c0cd78b1f
  expo-dev-launcher: cb94b0fd60b20a0a32f043b42a187c9e2c3b4116
  expo-dev-menu: c5f789b6228f4176f83a1f47dba54350e63437e1
  expo-dev-menu-interface: bda969497e73dadc2663c479e0fa726ca79a306e
  ExpoBlur: a2c90bdfa4ff9f459cdb0f83191bddf020e3e2db
  ExpoDocumentPicker: 5cb7389ff935b4addefdd466a606de51a512e922
  ExpoHaptics: 360af6898407ee4e8265d30a1a8fb16491a660eb
  ExpoKeepAwake: be4cbd52d9b177cde0fd66daa1913afa3161fc1d
  ExpoModulesCore: cf14fc49a3d5df3ed3cf2a38fc758d073bfd1c13
  ExpoSystemUI: fa4854e3226e87f86d3383570264c6e4e90bc782
  EXSplashScreen: 87d9b5dd3c39ae2f49c782a8453e226711ab791e
  EXUpdatesInterface: 82ed48d417cdcd376c12ca1c2ce390d35500bed6
  FBLazyVector: 25cbffbaec517695d376ab4bc428948cd0f08088
  FBReactNativeSpec: e03b22fbf7017a6f76641ea4472e73c915dcdda7
  fmt: ff9d55029c625d3757ed641535fd4a75fedc7ce9
  glog: 04b94705f318337d7ead9e6d17c019bd9b1f6b1b
  hermes-engine: 5b340c6a5affbf3aba22185be41563bbb2426654
  libevent: 4049cae6c81cdb3654a443be001fb9bdceff7913
  libwebp: 1786c9f4ff8a279e4dac1e8f385004d5fc253009
  RCT-Folly: 424b8c9a7a0b9ab2886ffe9c3b041ef628fd4fb1
  RCTRequired: fb207f74935626041e7308c9e88dcdda680f1073
  RCTTypeSafety: 146fd11361680250b7580dd1f7f601995cfad1b1
  React: f3712351445cc96ba507425675a0cd8d31321d0c
  React-callinvoker: dcc51a66e02d20a70aeca2abbb1388d4d3011bf8
  React-Codegen: d64399cfcc319735a4f61c2f7df64fdfee9f7307
  React-Core: f8ceb3440b6cf30ce4eea884ed77990b7f9bec13
  React-CoreModules: 9d1e6f44bf658431a3b99561c8058b54b5959190
  React-cxxreact: 2150e05cdd30c815c1bf27f41062cd33832ffe31
  React-debug: 4e90d08c78aa207c064a3860e1540ff252695585
  React-hermes: 1ed296db543b7fdb01916a8e56255fcea0758264
  React-jsi: af5a8eaca28d67822fb14c648486d40737d2d2ab
  React-jsiexecutor: d3eef5ddc78eeb9f0d02bed657a7f41d4910b966
  React-jsinspector: b86a8abae760c28d69366bbc1d991561e51341ed
  React-logger: ed7c9e01e58529065e7da6bf8318baf15024283e
  react-native-document-picker: 5b97e24a7f1a1e4a50a72c540a043f32d29a70a2
  react-native-pager-view: f2a27430f15fc7780ce9308c66d2b942e415e036
  react-native-safe-area-context: 36cc67648134e89465663b8172336a19eeda493d
  react-native-track-player: 82ef1756ffeea61140fea17519ecd6d64ec3cf3e
  React-NativeModulesApple: ee36a33f5ad8d80487c43e6b4370ea2eaaa81750
  React-perflogger: 6acc671f527e69c0cd93b8e62821d33d3ddf25ca
  React-RCTActionSheet: 569bb9db46d85565d14697e15ecf2166e035eb07
  React-RCTAnimation: 0eea98143c2938a8751a33722623d3e8a38fe1e4
  React-RCTAppDelegate: b4511be9c9c947ef53c9a26c996139cd903bfdc9
  React-RCTBlob: e6fd9d6b975faf765fdc29a959e8e79eb0bb65a0
  React-RCTImage: 0220975422a367e784dfd794adfc6454fab23c1f
  React-RCTLinking: 1abf9834017e080ecbd5b6a28b4fb15eb843a3dd
  React-RCTNetwork: 5ed275bf87d97a7ba5218cf245b1f103e96f82cd
  React-RCTSettings: 1d070387f01b3b01543fb2a4ef867ad0004f6a78
  React-RCTText: 82562208357b11285ffa8d7b33a9d769612a8101
  React-RCTVibration: 372a12b697a170aaee792f8a9999c40e1f2692d0
  React-rncore: d1ccbd5adaf4a67703790838b7c62f140e72d32a
  React-runtimeexecutor: d4f7ff5073fcf87e14dbf89541d434218630246e
  React-runtimescheduler: ae08ede2e0267be2a4d8ba82a54d5908949d5a34
  React-utils: 8eb3c12fd4a4da6df3824f7d9a961d73a6ed6e5d
  ReactCommon: d2de36ed3eebe700d7169b9e80f7d1a4b98e178d
  RNCAsyncStorage: 826b603ae9c0f88b5ac4e956801f755109fa4d5c
  RNFastImage: 5c9c9fed9c076e521b3f509fe79e790418a544e8
  RNGestureHandler: 982741f345785f2927e7b28f67dc83679cf3bfc8
  RNReactNativeHapticFeedback: ec56a5f81c3941206fd85625fa669ffc7b4545f9
  RNReanimated: 9f7068e43b9358a46a688d94a5a3adb258139457
  RNScreens: 50ffe2fa2342eabb2d0afbe19f7c1af286bc7fb3
  RNSVG: a48668fd382115bc89761ce291a81c4ca5f2fd2e
  SDWebImage: a7f831e1a65eb5e285e3fb046a23fcfbf08e696d
  SDWebImageWebPCoder: 908b83b6adda48effe7667cd2b7f78c897e5111d
  SocketRocket: f32cd54efbe0f095c4d7594881e52619cfe80b17
  SwiftAudioEx: f6aa653770f3a0d3851edaf8d834a30aee4a7646
  Yoga: 6f5ab94cd8b1ecd04b6e973d0bc583ede2a598cc

PODFILE CHECKSUM: c38fc345e29e4f549b7d2a1ce49807cc7d1b67cd

COCOAPODS: 1.14.2
